
Microsoft Visual Studio Solution File, Format Version 12.00
# Visual Studio Version 17
VisualStudioVersion = 17.12.35707.178
MinimumVisualStudioVersion = 10.0.40219.1
Project("{2150E333-8FDC-42A3-9474-1A3956D46DE8}") = "Services", "Services", "{8E0E704A-8B87-44F0-8842-6DAB092737DE}"
EndProject
Project("{2150E333-8FDC-42A3-9474-1A3956D46DE8}") = "Catalog", "Catalog", "{3BB78B20-7E16-4300-915B-729AA800280B}"
EndProject
Project("{FAE04EC0-301F-11D3-BF4B-00C04F79EFBC}") = "Catalog.API", "Services\Catalog\Catalog.API\Catalog.API.csproj", "{1496FF58-E344-4112-BBC9-C8654FAF548C}"
EndProject
Project("{2150E333-8FDC-42A3-9474-1A3956D46DE8}") = "BuildingBlocks", "BuildingBlocks", "{948A9FA7-DC76-4EF2-AE49-A5598B4A8CE0}"
EndProject
Project("{FAE04EC0-301F-11D3-BF4B-00C04F79EFBC}") = "BuildingBlocks", "BuildingBlocks\BuildingBlocks\BuildingBlocks.csproj", "{2E31480F-3807-4202-B1D2-AF33422BE606}"
EndProject
Project("{E53339B2-1760-4266-BCC7-CA923CBCF16C}") = "docker-compose", "docker-compose.dcproj", "{AAF613B4-B224-42F2-A06A-0C47AAA22C1F}"
EndProject
Project("{2150E333-8FDC-42A3-9474-1A3956D46DE8}") = "Basket", "Basket", "{E4D00FC8-B96D-43C5-80E6-081A22E9ABF5}"
EndProject
Project("{FAE04EC0-301F-11D3-BF4B-00C04F79EFBC}") = "Basket.API", "Services\Basket\Basket.API\Basket.API.csproj", "{EFA03187-D0E6-485C-828D-774ABD64F8BC}"
EndProject
Global
	GlobalSection(SolutionConfigurationPlatforms) = preSolution
		Debug|Any CPU = Debug|Any CPU
		Release|Any CPU = Release|Any CPU
	EndGlobalSection
	GlobalSection(ProjectConfigurationPlatforms) = postSolution
		{1496FF58-E344-4112-BBC9-C8654FAF548C}.Debug|Any CPU.ActiveCfg = Debug|Any CPU
		{1496FF58-E344-4112-BBC9-C8654FAF548C}.Debug|Any CPU.Build.0 = Debug|Any CPU
		{1496FF58-E344-4112-BBC9-C8654FAF548C}.Release|Any CPU.ActiveCfg = Release|Any CPU
		{1496FF58-E344-4112-BBC9-C8654FAF548C}.Release|Any CPU.Build.0 = Release|Any CPU
		{2E31480F-3807-4202-B1D2-AF33422BE606}.Debug|Any CPU.ActiveCfg = Debug|Any CPU
		{2E31480F-3807-4202-B1D2-AF33422BE606}.Debug|Any CPU.Build.0 = Debug|Any CPU
		{2E31480F-3807-4202-B1D2-AF33422BE606}.Release|Any CPU.ActiveCfg = Release|Any CPU
		{2E31480F-3807-4202-B1D2-AF33422BE606}.Release|Any CPU.Build.0 = Release|Any CPU
		{AAF613B4-B224-42F2-A06A-0C47AAA22C1F}.Debug|Any CPU.ActiveCfg = Debug|Any CPU
		{AAF613B4-B224-42F2-A06A-0C47AAA22C1F}.Debug|Any CPU.Build.0 = Debug|Any CPU
		{AAF613B4-B224-42F2-A06A-0C47AAA22C1F}.Release|Any CPU.ActiveCfg = Release|Any CPU
		{AAF613B4-B224-42F2-A06A-0C47AAA22C1F}.Release|Any CPU.Build.0 = Release|Any CPU
		{EFA03187-D0E6-485C-828D-774ABD64F8BC}.Debug|Any CPU.ActiveCfg = Debug|Any CPU
		{EFA03187-D0E6-485C-828D-774ABD64F8BC}.Debug|Any CPU.Build.0 = Debug|Any CPU
		{EFA03187-D0E6-485C-828D-774ABD64F8BC}.Release|Any CPU.ActiveCfg = Release|Any CPU
		{EFA03187-D0E6-485C-828D-774ABD64F8BC}.Release|Any CPU.Build.0 = Release|Any CPU
	EndGlobalSection
	GlobalSection(SolutionProperties) = preSolution
		HideSolutionNode = FALSE
	EndGlobalSection
	GlobalSection(NestedProjects) = preSolution
		{3BB78B20-7E16-4300-915B-729AA800280B} = {8E0E704A-8B87-44F0-8842-6DAB092737DE}
		{1496FF58-E344-4112-BBC9-C8654FAF548C} = {3BB78B20-7E16-4300-915B-729AA800280B}
		{2E31480F-3807-4202-B1D2-AF33422BE606} = {948A9FA7-DC76-4EF2-AE49-A5598B4A8CE0}
		{E4D00FC8-B96D-43C5-80E6-081A22E9ABF5} = {8E0E704A-8B87-44F0-8842-6DAB092737DE}
		{EFA03187-D0E6-485C-828D-774ABD64F8BC} = {E4D00FC8-B96D-43C5-80E6-081A22E9ABF5}
	EndGlobalSection
EndGlobal
