
Microsoft Visual Studio Solution File, Format Version 12.00
# Visual Studio Version 17
VisualStudioVersion = 17.12.35707.178 d17.12
MinimumVisualStudioVersion = 10.0.40219.1
Project("{FAE04EC0-301F-11D3-BF4B-00C04F79EFBC}") = "ExampleMinimal", "ExampleMinimal\ExampleMinimal.csproj", "{2D761C85-AF2A-4A5B-B814-19658927AAD9}"
EndProject
Project("{FAE04EC0-301F-11D3-BF4B-00C04F79EFBC}") = "Todo.Api", "Todo.Api\Todo.Api.csproj", "{10AD978C-1AA4-489E-BDF2-A76B2773D0E5}"
EndProject
Global
	GlobalSection(SolutionConfigurationPlatforms) = preSolution
		Debug|Any CPU = Debug|Any CPU
		Release|Any CPU = Release|Any CPU
	EndGlobalSection
	GlobalSection(ProjectConfigurationPlatforms) = postSolution
		{2D761C85-AF2A-4A5B-B814-19658927AAD9}.Debug|Any CPU.ActiveCfg = Debug|Any CPU
		{2D761C85-AF2A-4A5B-B814-19658927AAD9}.Debug|Any CPU.Build.0 = Debug|Any CPU
		{2D761C85-AF2A-4A5B-B814-19658927AAD9}.Release|Any CPU.ActiveCfg = Release|Any CPU
		{2D761C85-AF2A-4A5B-B814-19658927AAD9}.Release|Any CPU.Build.0 = Release|Any CPU
		{10AD978C-1AA4-489E-BDF2-A76B2773D0E5}.Debug|Any CPU.ActiveCfg = Debug|Any CPU
		{10AD978C-1AA4-489E-BDF2-A76B2773D0E5}.Debug|Any CPU.Build.0 = Debug|Any CPU
		{10AD978C-1AA4-489E-BDF2-A76B2773D0E5}.Release|Any CPU.ActiveCfg = Release|Any CPU
		{10AD978C-1AA4-489E-BDF2-A76B2773D0E5}.Release|Any CPU.Build.0 = Release|Any CPU
	EndGlobalSection
	GlobalSection(SolutionProperties) = preSolution
		HideSolutionNode = FALSE
	EndGlobalSection
EndGlobal
